
Microsoft Visual Studio Solution File, Format Version 12.00
# Visual Studio Version 17
VisualStudioVersion = 17.11.35327.3
MinimumVisualStudioVersion = 10.0.40219.1
Project("{FAE04EC0-301F-11D3-BF4B-00C04F79EFBC}") = "OkulYonetimUygulamasi", "OkulYonetimUygulamasi\OkulYonetimUygulamasi.csproj", "{673A32CD-484A-4C42-9E7E-4137868EAE63}"
EndProject
Global
	GlobalSection(SolutionConfigurationPlatforms) = preSolution
		Debug|Any CPU = Debug|Any CPU
		Release|Any CPU = Release|Any CPU
	EndGlobalSection
	GlobalSection(ProjectConfigurationPlatforms) = postSolution
		{673A32CD-484A-4C42-9E7E-4137868EAE63}.Debug|Any CPU.ActiveCfg = Debug|Any CPU
		{673A32CD-484A-4C42-9E7E-4137868EAE63}.Debug|Any CPU.Build.0 = Debug|Any CPU
		{673A32CD-484A-4C42-9E7E-4137868EAE63}.Release|Any CPU.ActiveCfg = Release|Any CPU
		{673A32CD-484A-4C42-9E7E-4137868EAE63}.Release|Any CPU.Build.0 = Release|Any CPU
	EndGlobalSection
	GlobalSection(SolutionProperties) = preSolution
		HideSolutionNode = FALSE
	EndGlobalSection
	GlobalSection(ExtensibilityGlobals) = postSolution
		SolutionGuid = {D6379EE6-6818-44F3-A245-57951CF95DBB}
	EndGlobalSection
EndGlobal
